name: Warlock
hit_die: 8
proficiency: [2,2,2,2,3,3,3,3,4,4,4,4,5,5,5,5,6,6,6,6]
primary_abilities: #ToDo: update for all classes and incourporate if wanted
  - Strength
  - Constitution
saving_throws: [Wisdom, Charisma]
armor_proficiencies: [light_armor]
weapon_proficiencies: [simple_weapons]
tool_proficiencies: []
spellcasting:
  casting_ability: Charisma
  preparation_type: known
  ritual_casting: false
  spellcasting_focus: true
  spell_list: warlock
  spellcasting_level: 1
  cantrips_known_by_level: [2,2,2,2,3,3,3,3,4,4,4,4,4,4,4,4,4,4,4,4]
  spells_known_by_level: [2,2,3,3,4,4,5,5,6,6,7,7,8,8,9,9,10,10,11,11]
  spell_slots_by_level:
    1: [1,2,2,2,2,2,2,2,2,2,2,2,2,2,2,2,2,2,2,2]
    2: [0,0,0,0,0,0,0,0,0,0,0,0,0,0,0,0,0,0,0,0]
    3: [0,0,0,0,0,0,0,0,0,0,0,0,0,0,0,0,0,0,0,0]
    4: [0,0,0,0,0,0,0,0,0,0,0,0,0,0,0,0,0,0,0,0]
    5: [0,0,0,0,0,0,0,0,0,0,0,0,0,0,0,0,0,0,0,0]
  pact_slot_level_by_level: [1,1,2,2,3,3,3,3,4,4,4,4,5,5,5,5,5,5,5,5]
  slot_recovery: short_rest
features_by_level:
  1:
    - name: Otherworldly Patron
      type: subclass
      description: Choose a patron to form a pact with. This grants subclass features
        at 1st, 6th, 10th, and 14th level.
    - name: Pact Magic
      type: spellcasting
      casting_ability: Charisma
      progression: pact
      description: You can cast spells through a pact with your patron. You have limited
        spell slots that recharge on a short rest.
  2:
    - name: Eldritch Invocations
      type: choice
      description: You learn two eldritch invocations of your choice. You gain more
        as you level up.
  3:
    - name: Pact Boon
      type: choice
      description: 'You gain a boon from your patron: Pact of the Chain, Blade, Tome,
      or Talisman.'
  4:
    - name: Ability Score Improvement
      type: choice
      options:
        - ability_score
        - feat
      description: Increase one ability score by 2, or two by 1 each. Alternatively,
        choose a feat.
starting_equipment:
  - leather_armor
  - dagger
  - dagger
player_choices:
  - id: class_skills
    title: Class Skills
    type: skill
    choose: 2
    options: [arcana, deception, history, intimidation, investigation, nature, religion]
  - id: class_equipment_1
    title: Class Equipment 1
    type: equipment
    choose: 1
    options:
      - - item: light_crossbow
        - item: bolt
          quantity: 20
      - - tag: simple_weapon
  - id: class_equipment_2
    title: Class Equipment 2
    type: equipment
    choose: 1
    options:
      - - item: component_pouch
      - - item: arcane_focus
  - id: class_equipment_3
    title: Class Equipment 3
    type: equipment
    choose: 1
    options:
      - - item: scholars_pack
      - - item: dungeoneers_pack
  - id: class_equipment_4
    title: Class Equipment 4
    type: equipment
    choose: 1
    options:
      - - tag: simple_weapon
icon: warlock
multiclass_requirements:
  Charisma: 13
subclass_level: 1
subclasses:
  - The Archfey
  - The Fiend
  - The Great Old One
  - The Celestial
  - The Hexblade
  - The Fathomless
  - The Genie
  - The Undead
